
Microsoft Visual Studio Solution File, Format Version 12.00
# Visual Studio Version 16
VisualStudioVersion = 16.0.31729.503
MinimumVisualStudioVersion = 10.0.40219.1
Project("{FAE04EC0-301F-11D3-BF4B-00C04F79EFBC}") = "RottenPotatoesReview.Server", "RottenPotatoesReview\Server\RottenPotatoesReview.Server.csproj", "{BD97DB63-8EED-4BE9-B818-846EA022765D}"
EndProject
Project("{FAE04EC0-301F-11D3-BF4B-00C04F79EFBC}") = "RottenPotatoesReview.Client", "RottenPotatoesReview\Client\RottenPotatoesReview.Client.csproj", "{08641223-805A-4EE9-92D9-5490F031ED56}"
EndProject
Project("{FAE04EC0-301F-11D3-BF4B-00C04F79EFBC}") = "RottenPotatoesReview.Shared", "RottenPotatoesReview\Shared\RottenPotatoesReview.Shared.csproj", "{9B5445D8-2D5C-4C7A-9113-BF6BF94049DE}"
EndProject
Global
	GlobalSection(SolutionConfigurationPlatforms) = preSolution
		Debug|Any CPU = Debug|Any CPU
		Release|Any CPU = Release|Any CPU
	EndGlobalSection
	GlobalSection(ProjectConfigurationPlatforms) = postSolution
		{BD97DB63-8EED-4BE9-B818-846EA022765D}.Debug|Any CPU.ActiveCfg = Debug|Any CPU
		{BD97DB63-8EED-4BE9-B818-846EA022765D}.Debug|Any CPU.Build.0 = Debug|Any CPU
		{BD97DB63-8EED-4BE9-B818-846EA022765D}.Release|Any CPU.ActiveCfg = Release|Any CPU
		{BD97DB63-8EED-4BE9-B818-846EA022765D}.Release|Any CPU.Build.0 = Release|Any CPU
		{08641223-805A-4EE9-92D9-5490F031ED56}.Debug|Any CPU.ActiveCfg = Debug|Any CPU
		{08641223-805A-4EE9-92D9-5490F031ED56}.Debug|Any CPU.Build.0 = Debug|Any CPU
		{08641223-805A-4EE9-92D9-5490F031ED56}.Release|Any CPU.ActiveCfg = Release|Any CPU
		{08641223-805A-4EE9-92D9-5490F031ED56}.Release|Any CPU.Build.0 = Release|Any CPU
		{9B5445D8-2D5C-4C7A-9113-BF6BF94049DE}.Debug|Any CPU.ActiveCfg = Debug|Any CPU
		{9B5445D8-2D5C-4C7A-9113-BF6BF94049DE}.Debug|Any CPU.Build.0 = Debug|Any CPU
		{9B5445D8-2D5C-4C7A-9113-BF6BF94049DE}.Release|Any CPU.ActiveCfg = Release|Any CPU
		{9B5445D8-2D5C-4C7A-9113-BF6BF94049DE}.Release|Any CPU.Build.0 = Release|Any CPU
	EndGlobalSection
	GlobalSection(SolutionProperties) = preSolution
		HideSolutionNode = FALSE
	EndGlobalSection
	GlobalSection(ExtensibilityGlobals) = postSolution
		SolutionGuid = {FC3EB960-C876-44B7-8F81-0BFAB2D4381F}
	EndGlobalSection
EndGlobal
